# versions.lock — managed by GitHub Actions, do not edit manually.
# Tracks the exact state of each input branch that was last built.
# A rebuild is triggered only when one of these values changes.
# To force a manual rebuild: run container-build workflow_dispatch.
#
# tvh_version: upstream version string from git describe (used for image tags)
# build:       incrementing counter, resets to 1 on new tvh_version

tvh_sha=f37b7b2cbcb704f4ff133a57312e69a200648828
sl_dashdrm_sha=e9de0dd78856d36a18b8faa285aaf388c6153c19
sl_hlsdrm_sha=6eb2846359828ce7b7c6fb6992bafbc5181e25a0
tvh_version=4.3-2662~gf37b7b2cb
build=20
